
Microsoft Visual Studio Solution File, Format Version 12.00
# Visual Studio Version 17
VisualStudioVersion = 17.14.36401.2 d17.14
MinimumVisualStudioVersion = 10.0.40219.1
Project("{FAE04EC0-301F-11D3-BF4B-00C04F79EFBC}") = "IssueTrackingAPI", "IssueTrackingAPI.csproj", "{A1DD8ECF-92A4-4D19-BDAC-D1EB7571BC5F}"
EndProject
Global
	GlobalSection(SolutionConfigurationPlatforms) = preSolution
		Debug|Any CPU = Debug|Any CPU
		Release|Any CPU = Release|Any CPU
	EndGlobalSection
	GlobalSection(ProjectConfigurationPlatforms) = postSolution
		{A1DD8ECF-92A4-4D19-BDAC-D1EB7571BC5F}.Debug|Any CPU.ActiveCfg = Debug|Any CPU
		{A1DD8ECF-92A4-4D19-BDAC-D1EB7571BC5F}.Debug|Any CPU.Build.0 = Debug|Any CPU
		{A1DD8ECF-92A4-4D19-BDAC-D1EB7571BC5F}.Release|Any CPU.ActiveCfg = Release|Any CPU
		{A1DD8ECF-92A4-4D19-BDAC-D1EB7571BC5F}.Release|Any CPU.Build.0 = Release|Any CPU
	EndGlobalSection
	GlobalSection(SolutionProperties) = preSolution
		HideSolutionNode = FALSE
	EndGlobalSection
	GlobalSection(ExtensibilityGlobals) = postSolution
		SolutionGuid = {1CC17553-1E71-4452-B098-E6C74A9F499D}
	EndGlobalSection
EndGlobal
